
Microsoft Visual Studio Solution File, Format Version 12.00
# Visual Studio Version 16
VisualStudioVersion = 16.0.29806.167
MinimumVisualStudioVersion = 10.0.40219.1
Project("{9A19103F-16F7-4668-BE54-9A1E7A4F7556}") = "Forms Test", "Forms Test\Forms Test.csproj", "{964A20F7-1241-4A2B-B1CA-C6752E45685B}"
EndProject
Project("{FAE04EC0-301F-11D3-BF4B-00C04F79EFBC}") = "Preggers Jam", "Preggers Jam\Preggers Jam.csproj", "{60A8AFE4-07CD-49AD-B9FA-5977BA75B585}"
EndProject
Global
	GlobalSection(SolutionConfigurationPlatforms) = preSolution
		Debug|Any CPU = Debug|Any CPU
		Release|Any CPU = Release|Any CPU
	EndGlobalSection
	GlobalSection(ProjectConfigurationPlatforms) = postSolution
		{964A20F7-1241-4A2B-B1CA-C6752E45685B}.Debug|Any CPU.ActiveCfg = Debug|Any CPU
		{964A20F7-1241-4A2B-B1CA-C6752E45685B}.Debug|Any CPU.Build.0 = Debug|Any CPU
		{964A20F7-1241-4A2B-B1CA-C6752E45685B}.Release|Any CPU.ActiveCfg = Release|Any CPU
		{964A20F7-1241-4A2B-B1CA-C6752E45685B}.Release|Any CPU.Build.0 = Release|Any CPU
		{60A8AFE4-07CD-49AD-B9FA-5977BA75B585}.Debug|Any CPU.ActiveCfg = Debug|Any CPU
		{60A8AFE4-07CD-49AD-B9FA-5977BA75B585}.Debug|Any CPU.Build.0 = Debug|Any CPU
		{60A8AFE4-07CD-49AD-B9FA-5977BA75B585}.Release|Any CPU.ActiveCfg = Release|Any CPU
		{60A8AFE4-07CD-49AD-B9FA-5977BA75B585}.Release|Any CPU.Build.0 = Release|Any CPU
	EndGlobalSection
	GlobalSection(SolutionProperties) = preSolution
		HideSolutionNode = FALSE
	EndGlobalSection
	GlobalSection(ExtensibilityGlobals) = postSolution
		SolutionGuid = {B3E9B6C7-D440-4586-9890-B444EC8A4427}
	EndGlobalSection
EndGlobal
