
Microsoft Visual Studio Solution File, Format Version 12.00
# Visual Studio Version 16
VisualStudioVersion = 16.0.29806.167
MinimumVisualStudioVersion = 10.0.40219.1
Project("{FAE04EC0-301F-11D3-BF4B-00C04F79EFBC}") = "BlazorApp.Client.Server", "BlazorApp.Client\Server\BlazorApp.Client.Server.csproj", "{FF1F8309-E4B5-430D-B1EF-D691B24C9C7C}"
EndProject
Project("{FAE04EC0-301F-11D3-BF4B-00C04F79EFBC}") = "BlazorApp.Client", "BlazorApp.Client\Client\BlazorApp.Client.csproj", "{ECE09614-0952-45D8-B2BE-D07F2FE7FF14}"
EndProject
Project("{FAE04EC0-301F-11D3-BF4B-00C04F79EFBC}") = "BlazorApp.Client.Shared", "BlazorApp.Client\Shared\BlazorApp.Client.Shared.csproj", "{566039B6-E3F5-4744-83EB-E16BAAEECDAD}"
EndProject
Global
	GlobalSection(SolutionConfigurationPlatforms) = preSolution
		Debug|Any CPU = Debug|Any CPU
		Release|Any CPU = Release|Any CPU
	EndGlobalSection
	GlobalSection(ProjectConfigurationPlatforms) = postSolution
		{FF1F8309-E4B5-430D-B1EF-D691B24C9C7C}.Debug|Any CPU.ActiveCfg = Debug|Any CPU
		{FF1F8309-E4B5-430D-B1EF-D691B24C9C7C}.Debug|Any CPU.Build.0 = Debug|Any CPU
		{FF1F8309-E4B5-430D-B1EF-D691B24C9C7C}.Release|Any CPU.ActiveCfg = Release|Any CPU
		{FF1F8309-E4B5-430D-B1EF-D691B24C9C7C}.Release|Any CPU.Build.0 = Release|Any CPU
		{ECE09614-0952-45D8-B2BE-D07F2FE7FF14}.Debug|Any CPU.ActiveCfg = Debug|Any CPU
		{ECE09614-0952-45D8-B2BE-D07F2FE7FF14}.Debug|Any CPU.Build.0 = Debug|Any CPU
		{ECE09614-0952-45D8-B2BE-D07F2FE7FF14}.Release|Any CPU.ActiveCfg = Release|Any CPU
		{ECE09614-0952-45D8-B2BE-D07F2FE7FF14}.Release|Any CPU.Build.0 = Release|Any CPU
		{566039B6-E3F5-4744-83EB-E16BAAEECDAD}.Debug|Any CPU.ActiveCfg = Debug|Any CPU
		{566039B6-E3F5-4744-83EB-E16BAAEECDAD}.Debug|Any CPU.Build.0 = Debug|Any CPU
		{566039B6-E3F5-4744-83EB-E16BAAEECDAD}.Release|Any CPU.ActiveCfg = Release|Any CPU
		{566039B6-E3F5-4744-83EB-E16BAAEECDAD}.Release|Any CPU.Build.0 = Release|Any CPU
	EndGlobalSection
	GlobalSection(SolutionProperties) = preSolution
		HideSolutionNode = FALSE
	EndGlobalSection
	GlobalSection(ExtensibilityGlobals) = postSolution
		SolutionGuid = {B3E9B6C7-D440-4586-9890-B444EC8A4427}
	EndGlobalSection
EndGlobal
